
Microsoft Visual Studio Solution File, Format Version 12.00
# Visual Studio Version 16
VisualStudioVersion = 16.0.29418.71
MinimumVisualStudioVersion = 10.0.40219.1
Project("{FAE04EC0-301F-11D3-BF4B-00C04F79EFBC}") = "UofI.API", "UofI.API\UofI.API.csproj", "{22118C3A-9ED2-476B-8E13-B334437D1D1E}"
EndProject
Global
	GlobalSection(SolutionConfigurationPlatforms) = preSolution
		Debug|Any CPU = Debug|Any CPU
		Release|Any CPU = Release|Any CPU
	EndGlobalSection
	GlobalSection(ProjectConfigurationPlatforms) = postSolution
		{22118C3A-9ED2-476B-8E13-B334437D1D1E}.Debug|Any CPU.ActiveCfg = Debug|Any CPU
		{22118C3A-9ED2-476B-8E13-B334437D1D1E}.Debug|Any CPU.Build.0 = Debug|Any CPU
		{22118C3A-9ED2-476B-8E13-B334437D1D1E}.Release|Any CPU.ActiveCfg = Release|Any CPU
		{22118C3A-9ED2-476B-8E13-B334437D1D1E}.Release|Any CPU.Build.0 = Release|Any CPU
	EndGlobalSection
	GlobalSection(SolutionProperties) = preSolution
		HideSolutionNode = FALSE
	EndGlobalSection
	GlobalSection(ExtensibilityGlobals) = postSolution
		SolutionGuid = {8EA303AC-60EF-44B9-8610-158A998CBBD7}
	EndGlobalSection
EndGlobal
